<?xml version="1.0" encoding="UTF-8" standalone="yes" ?>
<CodeBlocks_project_file>
	<FileVersion major="1" minor="6" />
	<Project>
		<Option title="ProjectFoxclaw" />
		<Option pch_mode="2" />
		<Option compiler="gcc" />
		<Build>
			<Target title="Debug">
				<Option output="../Project Foxclaw" prefix_auto="1" extension_auto="1" />
				<Option working_dir="../../FoxClawIrrlicht" />
				<Option object_output="BIN/obj" />
				<Option type="1" />
				<Option compiler="gcc" />
				<Compiler>
					<Add directory="include" />
					<Add directory="../Project-Foxclaw" />
					<Add directory="Game" />
				</Compiler>
			</Target>
			<Target title="Release">
				<Option output="../ProjectFoxclawRelease" prefix_auto="1" extension_auto="1" />
				<Option working_dir="../../FoxClawIrrlicht" />
				<Option type="0" />
				<Option compiler="gcc" />
				<Compiler>
					<Add option="-O3" />
					<Add option="-std=c++11" />
					<Add directory="include" />
					<Add directory="Game" />
				</Compiler>
				<Linker>
					<Add option="-s" />
				</Linker>
			</Target>
			<Target title="DebugTEST1">
				<Option output="../../FoxClaw Experiments/Spectre Detector 3D/Project Foxclaw" prefix_auto="1" extension_auto="1" />
				<Option working_dir="../../FoxClaw Experiments/Spectre Detector 3D" />
				<Option object_output="BIN/obj" />
				<Option type="1" />
				<Option compiler="gcc" />
				<Compiler>
					<Add directory="include" />
					<Add directory="../Project-Foxclaw" />
					<Add directory="Game" />
				</Compiler>
			</Target>
			<Target title="PonyDebug">
				<Option output="../../FoxClaw Experiments/Beyond Equestria/Project Foxclaw" prefix_auto="1" extension_auto="1" />
				<Option working_dir="../../FoxClaw Experiments/Beyond Equestria" />
				<Option object_output="BIN/obj" />
				<Option type="1" />
				<Option compiler="gcc" />
				<Compiler>
					<Add option="-g" />
					<Add directory="include" />
					<Add directory="../Project-Foxclaw" />
					<Add directory="Game" />
				</Compiler>
			</Target>
			<Target title="PonyDebug DX">
				<Option output="../../FoxClaw Experiments/Beyond Equestria/Project FoxclawDX" prefix_auto="1" extension_auto="1" />
				<Option working_dir="../../FoxClaw Experiments/Beyond Equestria" />
				<Option object_output="BIN/obj" />
				<Option type="1" />
				<Option compiler="gcc" />
				<Compiler>
					<Add directory="include" />
					<Add directory="../Project-Foxclaw" />
					<Add directory="Game" />
				</Compiler>
			</Target>
		</Build>
		<Compiler>
			<Add option="-std=c++11" />
			<Add option="-fpermissive" />
			<Add directory='&quot;C:/Users/Seth/Desktop/Game Dev/FoxClawIrrlicht/Project-Foxclaw&quot;' />
			<Add directory="irrBullet" />
			<Add directory="irrBullet/bheaders/Bullet" />
			<Add directory="include" />
			<Add directory="irrBullet/bheaders" />
			<Add directory="../../RakNet-master/Source" />
		</Compiler>
		<Linker>
			<Add option="../libirrKlang.a" />
			<Add option="../libIrrlicht.a" />
			<Add option="../liblua52.a" />
			<Add option="../libirrBullet.a" />
			<Add option="../libBulletDynamics.a" />
			<Add option="../libBulletSoftBody.a" />
			<Add option="../libGIMPACTUtils.a" />
			<Add option="../libLinearMath.a" />
			<Add option="../libBulletCollision.a" />
			<Add library="..\..\RakNet-master\Lib\DLL\Lib\lib_DLL_vc9_Debug Win32_Win32.a" />
		</Linker>
		<Unit filename="Game/Config.cpp" />
		<Unit filename="Game/Config.h" />
		<Unit filename="Game/EventReceiver.cpp" />
		<Unit filename="Game/EventReceiver.h" />
		<Unit filename="Game/Framework.cpp" />
		<Unit filename="Game/Framework.h" />
		<Unit filename="Game/GUI.cpp" />
		<Unit filename="Game/GUI.h" />
		<Unit filename="Game/Renderer.cpp" />
		<Unit filename="Game/Renderer.h" />
		<Unit filename="Game/Scene.cpp" />
		<Unit filename="Game/Scene.h" />
		<Unit filename="Game/ShaderCallback.cpp" />
		<Unit filename="Game/ShaderCallback.h" />
		<Unit filename="Game/ShaderHandler.cpp" />
		<Unit filename="Game/ShaderHandler.h" />
		<Unit filename="Game/network.cpp" />
		<Unit filename="Game/network.h" />
		<Unit filename="LuaClassDef.hpp" />
		<Unit filename="Main.cpp" />
		<Unit filename="Misc/CMeshCombiner.cpp" />
		<Unit filename="Misc/CMeshCombiner.h" />
		<Unit filename="Misc/Logger.cpp" />
		<Unit filename="Misc/Logger.h" />
		<Unit filename="Misc/PostProcessing/IPostProcess.h" />
		<Unit filename="Misc/PostProcessing/PostProcessManager.cpp" />
		<Unit filename="Misc/PostProcessing/PostProcessManager.h" />
		<Unit filename="Misc/PostProcessing/ShaderMaterial.cpp" />
		<Unit filename="Misc/PostProcessing/ShaderMaterial.h" />
		<Unit filename="Misc/PostProcessing/ShaderPostProcess.cpp" />
		<Unit filename="Misc/PostProcessing/ShaderPostProcess.h" />
		<Unit filename="Misc/Script.cpp" />
		<Unit filename="Misc/Script.h" />
		<Unit filename="Misc/util.h" />
		<Unit filename="Objects/3dText.cpp" />
		<Unit filename="Objects/3dText.h" />
		<Unit filename="Objects/AnimatedMesh.cpp" />
		<Unit filename="Objects/AnimatedMesh.h" />
		<Unit filename="Objects/Bone.cpp" />
		<Unit filename="Objects/Bone.h" />
		<Unit filename="Objects/BoneAnimatedMesh.cpp" />
		<Unit filename="Objects/BoneAnimatedMesh.h" />
		<Unit filename="Objects/Camera.cpp" />
		<Unit filename="Objects/Camera.h" />
		<Unit filename="Objects/Collider.cpp" />
		<Unit filename="Objects/Collider.h" />
		<Unit filename="Objects/CombinedMesh.cpp" />
		<Unit filename="Objects/CombinedMesh.h" />
		<Unit filename="Objects/EmptyObject.cpp" />
		<Unit filename="Objects/EmptyObject.h" />
		<Unit filename="Objects/Light.cpp" />
		<Unit filename="Objects/Light.h" />
		<Unit filename="Objects/Mesh.cpp" />
		<Unit filename="Objects/Mesh.h" />
		<Unit filename="Objects/Node.cpp" />
		<Unit filename="Objects/Node.h" />
		<Unit filename="Objects/Object.cpp" />
		<Unit filename="Objects/Object.h" />
		<Unit filename="Objects/Particle.cpp" />
		<Unit filename="Objects/Particle.h" />
		<Unit filename="Objects/SoftMesh.cpp" />
		<Unit filename="Objects/SoftMesh.h" />
		<Unit filename="Objects/Sound.cpp" />
		<Unit filename="Objects/Sound.h" />
		<Unit filename="Objects/Terrain.cpp" />
		<Unit filename="Objects/Terrain.h" />
		<Unit filename="luawrapper.hpp" />
		<Unit filename="luawrapperutil.hpp" />
		<Unit filename="stdafx.h" />
		<Extensions>
			<code_completion />
			<envvars />
			<debugger />
			<lib_finder disable_auto="1" />
			<AutoVersioning>
				<Scheme minor_max="100" build_max="0" rev_max="0" rev_rand_max="10" build_times_to_increment_minor="10000" />
				<Settings autoincrement="0" date_declarations="1" use_define="1" update_manifest="1" do_auto_increment="1" ask_to_increment="0" language="C" svn="0" svn_directory="" header_path="version.h" />
				<Changes_Log show_changes_editor="0" app_title="released version %M.%m.%b of %p" changeslog_path="ChangesLog.txt" />
				<Code header_guard="VERSION_H" namespace="AutoVersion" prefix="VERSION" />
			</AutoVersioning>
		</Extensions>
	</Project>
</CodeBlocks_project_file>
